
Microsoft Visual Studio Solution File, Format Version 12.00
# Visual Studio Version 17
VisualStudioVersion = 17.2.32602.215
MinimumVisualStudioVersion = 10.0.40219.1
Project("{9A19103F-16F7-4668-BE54-9A1E7A4F7556}") = "VMConsole", "VMConsole\VMConsole.csproj", "{46DB2BA4-F5BC-4E76-8596-790937C23932}"
EndProject
Project("{9A19103F-16F7-4668-BE54-9A1E7A4F7556}") = "VendingMachine", "VendingMachine\VendingMachine.csproj", "{5B600EB9-7222-4D59-8B4C-0553E976A8EE}"
EndProject
Project("{FAE04EC0-301F-11D3-BF4B-00C04F79EFBC}") = "VendingMachine.Test", "VendingMachine.Test\VendingMachine.Test.csproj", "{B8EF5AFF-8180-4713-BABD-9FB7CD2F1045}"
	ProjectSection(ProjectDependencies) = postProject
		{5B600EB9-7222-4D59-8B4C-0553E976A8EE} = {5B600EB9-7222-4D59-8B4C-0553E976A8EE}
	EndProjectSection
EndProject
Global
	GlobalSection(SolutionConfigurationPlatforms) = preSolution
		Debug|Any CPU = Debug|Any CPU
		Release|Any CPU = Release|Any CPU
	EndGlobalSection
	GlobalSection(ProjectConfigurationPlatforms) = postSolution
		{46DB2BA4-F5BC-4E76-8596-790937C23932}.Debug|Any CPU.ActiveCfg = Debug|Any CPU
		{46DB2BA4-F5BC-4E76-8596-790937C23932}.Debug|Any CPU.Build.0 = Debug|Any CPU
		{46DB2BA4-F5BC-4E76-8596-790937C23932}.Release|Any CPU.ActiveCfg = Release|Any CPU
		{46DB2BA4-F5BC-4E76-8596-790937C23932}.Release|Any CPU.Build.0 = Release|Any CPU
		{5B600EB9-7222-4D59-8B4C-0553E976A8EE}.Debug|Any CPU.ActiveCfg = Debug|Any CPU
		{5B600EB9-7222-4D59-8B4C-0553E976A8EE}.Debug|Any CPU.Build.0 = Debug|Any CPU
		{5B600EB9-7222-4D59-8B4C-0553E976A8EE}.Release|Any CPU.ActiveCfg = Release|Any CPU
		{5B600EB9-7222-4D59-8B4C-0553E976A8EE}.Release|Any CPU.Build.0 = Release|Any CPU
		{B8EF5AFF-8180-4713-BABD-9FB7CD2F1045}.Debug|Any CPU.ActiveCfg = Debug|Any CPU
		{B8EF5AFF-8180-4713-BABD-9FB7CD2F1045}.Debug|Any CPU.Build.0 = Debug|Any CPU
		{B8EF5AFF-8180-4713-BABD-9FB7CD2F1045}.Release|Any CPU.ActiveCfg = Release|Any CPU
		{B8EF5AFF-8180-4713-BABD-9FB7CD2F1045}.Release|Any CPU.Build.0 = Release|Any CPU
	EndGlobalSection
	GlobalSection(SolutionProperties) = preSolution
		HideSolutionNode = FALSE
	EndGlobalSection
	GlobalSection(ExtensibilityGlobals) = postSolution
		SolutionGuid = {C4B31598-A3D1-4D21-ADE6-5112BB39D221}
	EndGlobalSection
EndGlobal
